PODS:
  - MicrosoftMapsSDK (1.1.4)
  - MSMapsModules (0.0.4):
    - MicrosoftMapsSDK

DEPENDENCIES:
  - MicrosoftMapsSDK (~> 1.1.4)
  - MSMapsModules (from `~/Desktop/internProject/BingMapsNativeModules`)

SPEC REPOS:
  trunk:
    - MicrosoftMapsSDK

EXTERNAL SOURCES:
  MSMapsModules:
    :podspec: "~/Desktop/internProject/BingMapsNativeModules"

CHECKOUT OPTIONS:
  MSMapsModules:
    :commit: 3814ebdbca8706bf60d6e8c615423692b991e1e7
    :git: file:///Users/admin/Desktop/internProject/BingMapsNativeModules

SPEC CHECKSUMS:
  MicrosoftMapsSDK: 64317bb343e3ef26507f61617889a6918a1b59d4
  MSMapsModules: 888f539afcbcad3ce2462f060b73bd97f24b2b63

PODFILE CHECKSUM: cc598cad0e432de4a2fa127e85e914d1e467f55c

COCOAPODS: 1.9.3
